
Microsoft Visual Studio Solution File, Format Version 12.00
# Visual Studio 15
VisualStudioVersion = 15.0.26228.76
MinimumVisualStudioVersion = 10.0.40219.1
Project("{FAE04EC0-301F-11D3-BF4B-00C04F79EFBC}") = "ClearList", "ClearList\ClearList.csproj", "{FB1EDF7F-8B69-40F4-8C55-ABF6F923D85F}"
EndProject
Global
	GlobalSection(SolutionConfigurationPlatforms) = preSolution
		Debug|Any CPU = Debug|Any CPU
		Release|Any CPU = Release|Any CPU
	EndGlobalSection
	GlobalSection(ProjectConfigurationPlatforms) = postSolution
		{FB1EDF7F-8B69-40F4-8C55-ABF6F923D85F}.Debug|Any CPU.ActiveCfg = Debug|Any CPU
		{FB1EDF7F-8B69-40F4-8C55-ABF6F923D85F}.Debug|Any CPU.Build.0 = Debug|Any CPU
		{FB1EDF7F-8B69-40F4-8C55-ABF6F923D85F}.Release|Any CPU.ActiveCfg = Release|Any CPU
		{FB1EDF7F-8B69-40F4-8C55-ABF6F923D85F}.Release|Any CPU.Build.0 = Release|Any CPU
	EndGlobalSection
	GlobalSection(SolutionProperties) = preSolution
		HideSolutionNode = FALSE
	EndGlobalSection
	GlobalSection(ExtensibilityGlobals) = postSolution
		SolutionGuid = {52A39813-3B7E-45EC-AA13-BFD25AE3EE24}
	EndGlobalSection
EndGlobal
